
Microsoft Visual Studio Solution File, Format Version 12.00
# Visual Studio Version 16
VisualStudioVersion = 16.0.29911.84
MinimumVisualStudioVersion = 10.0.40219.1
Project("{9A19103F-16F7-4668-BE54-9A1E7A4F7556}") = "Downloader.Sample", "Downloader.Sample\Downloader.Sample.csproj", "{EBF3CEFC-E873-4EAC-A159-7EFC0C0A0026}"
EndProject
Project("{9A19103F-16F7-4668-BE54-9A1E7A4F7556}") = "Downloader", "Downloader\Downloader.csproj", "{CC0C931B-BB7E-42D2-836E-219908C501C9}"
EndProject
Project("{FAE04EC0-301F-11D3-BF4B-00C04F79EFBC}") = "Downloader.Test", "Downloader.Test\Downloader.Test.csproj", "{14AA3A11-10A4-4866-80A3-015229FFECC6}"
EndProject
Global
	GlobalSection(SolutionConfigurationPlatforms) = preSolution
		Debug|Any CPU = Debug|Any CPU
		Release|Any CPU = Release|Any CPU
	EndGlobalSection
	GlobalSection(ProjectConfigurationPlatforms) = postSolution
		{EBF3CEFC-E873-4EAC-A159-7EFC0C0A0026}.Debug|Any CPU.ActiveCfg = Debug|Any CPU
		{EBF3CEFC-E873-4EAC-A159-7EFC0C0A0026}.Debug|Any CPU.Build.0 = Debug|Any CPU
		{EBF3CEFC-E873-4EAC-A159-7EFC0C0A0026}.Release|Any CPU.ActiveCfg = Release|Any CPU
		{EBF3CEFC-E873-4EAC-A159-7EFC0C0A0026}.Release|Any CPU.Build.0 = Release|Any CPU
		{CC0C931B-BB7E-42D2-836E-219908C501C9}.Debug|Any CPU.ActiveCfg = Debug|Any CPU
		{CC0C931B-BB7E-42D2-836E-219908C501C9}.Debug|Any CPU.Build.0 = Debug|Any CPU
		{CC0C931B-BB7E-42D2-836E-219908C501C9}.Release|Any CPU.ActiveCfg = Release|Any CPU
		{CC0C931B-BB7E-42D2-836E-219908C501C9}.Release|Any CPU.Build.0 = Release|Any CPU
		{14AA3A11-10A4-4866-80A3-015229FFECC6}.Debug|Any CPU.ActiveCfg = Debug|Any CPU
		{14AA3A11-10A4-4866-80A3-015229FFECC6}.Debug|Any CPU.Build.0 = Debug|Any CPU
		{14AA3A11-10A4-4866-80A3-015229FFECC6}.Release|Any CPU.ActiveCfg = Release|Any CPU
		{14AA3A11-10A4-4866-80A3-015229FFECC6}.Release|Any CPU.Build.0 = Release|Any CPU
	EndGlobalSection
	GlobalSection(SolutionProperties) = preSolution
		HideSolutionNode = FALSE
	EndGlobalSection
	GlobalSection(ExtensibilityGlobals) = postSolution
		SolutionGuid = {DCD66498-E83E-467A-BCA9-1A5BDAD4F811}
	EndGlobalSection
EndGlobal
