
Microsoft Visual Studio Solution File, Format Version 12.00
# Visual Studio Version 17
VisualStudioVersion = 17.3.32811.315
MinimumVisualStudioVersion = 10.0.40219.1
Project("{9A19103F-16F7-4668-BE54-9A1E7A4F7556}") = "Downloader", "Downloader\Downloader.csproj", "{CC0C931B-BB7E-42D2-836E-219908C501C9}"
EndProject
Project("{9A19103F-16F7-4668-BE54-9A1E7A4F7556}") = "Downloader.Test", "Downloader.Test\Downloader.Test.csproj", "{14AA3A11-10A4-4866-80A3-015229FFECC6}"
EndProject
Project("{2150E333-8FDC-42A3-9474-1A3956D46DE8}") = "Solution items", "Solution items", "{E3333A7B-9DE7-4FAE-90CE-416E9E8DFC98}"
	ProjectSection(SolutionItems) = preProject
		.editorconfig = .editorconfig
		..\.gitignore = ..\.gitignore
		..\.licrc = ..\.licrc
		..\appveyor.yml = ..\appveyor.yml
		..\codecov.yml = ..\codecov.yml
		..\.github\workflows\dotnet-ubuntu.yml = ..\.github\workflows\dotnet-ubuntu.yml
		..\.github\workflows\dotnet-windows.yml = ..\.github\workflows\dotnet-windows.yml
		..\.github\workflows\dotnet-windows.yml = ..\.github\workflows\dotnet-macos.yml
		..\LICENSE = ..\LICENSE
		..\README.md = ..\README.md
		..\sample.gif = ..\sample.gif
	EndProjectSection
EndProject
Project("{9A19103F-16F7-4668-BE54-9A1E7A4F7556}") = "Downloader.DummyHttpServer", "Downloader.DummyHttpServer\Downloader.DummyHttpServer.csproj", "{778FDCCF-2E81-45E8-91F4-748E59C36AA6}"
EndProject
Project("{9A19103F-16F7-4668-BE54-9A1E7A4F7556}") = "Downloader.Sample", "Samples\Downloader.Sample\Downloader.Sample.csproj", "{B642EF60-6338-40B7-8B26-E2191537B50B}"
EndProject
Project("{2150E333-8FDC-42A3-9474-1A3956D46DE8}") = "Samples", "Samples", "{CDC1A7E2-BAD0-4A87-8BFC-26FB2FCD747E}"
EndProject
Global
	GlobalSection(SolutionConfigurationPlatforms) = preSolution
		Debug|Any CPU = Debug|Any CPU
		Release|Any CPU = Release|Any CPU
	EndGlobalSection
	GlobalSection(ProjectConfigurationPlatforms) = postSolution
		{CC0C931B-BB7E-42D2-836E-219908C501C9}.Debug|Any CPU.ActiveCfg = Debug|Any CPU
		{CC0C931B-BB7E-42D2-836E-219908C501C9}.Debug|Any CPU.Build.0 = Debug|Any CPU
		{CC0C931B-BB7E-42D2-836E-219908C501C9}.Release|Any CPU.ActiveCfg = Release|Any CPU
		{CC0C931B-BB7E-42D2-836E-219908C501C9}.Release|Any CPU.Build.0 = Release|Any CPU
		{14AA3A11-10A4-4866-80A3-015229FFECC6}.Debug|Any CPU.ActiveCfg = Debug|Any CPU
		{14AA3A11-10A4-4866-80A3-015229FFECC6}.Debug|Any CPU.Build.0 = Debug|Any CPU
		{14AA3A11-10A4-4866-80A3-015229FFECC6}.Release|Any CPU.ActiveCfg = Release|Any CPU
		{14AA3A11-10A4-4866-80A3-015229FFECC6}.Release|Any CPU.Build.0 = Release|Any CPU
		{778FDCCF-2E81-45E8-91F4-748E59C36AA6}.Debug|Any CPU.ActiveCfg = Debug|Any CPU
		{778FDCCF-2E81-45E8-91F4-748E59C36AA6}.Debug|Any CPU.Build.0 = Debug|Any CPU
		{778FDCCF-2E81-45E8-91F4-748E59C36AA6}.Release|Any CPU.ActiveCfg = Release|Any CPU
		{778FDCCF-2E81-45E8-91F4-748E59C36AA6}.Release|Any CPU.Build.0 = Release|Any CPU
		{B642EF60-6338-40B7-8B26-E2191537B50B}.Debug|Any CPU.ActiveCfg = Debug|Any CPU
		{B642EF60-6338-40B7-8B26-E2191537B50B}.Debug|Any CPU.Build.0 = Debug|Any CPU
		{B642EF60-6338-40B7-8B26-E2191537B50B}.Release|Any CPU.ActiveCfg = Release|Any CPU
		{B642EF60-6338-40B7-8B26-E2191537B50B}.Release|Any CPU.Build.0 = Release|Any CPU
	EndGlobalSection
	GlobalSection(SolutionProperties) = preSolution
		HideSolutionNode = FALSE
	EndGlobalSection
	GlobalSection(NestedProjects) = preSolution
		{B642EF60-6338-40B7-8B26-E2191537B50B} = {CDC1A7E2-BAD0-4A87-8BFC-26FB2FCD747E}
	EndGlobalSection
	GlobalSection(ExtensibilityGlobals) = postSolution
		SolutionGuid = {DCD66498-E83E-467A-BCA9-1A5BDAD4F811}
	EndGlobalSection
EndGlobal
